// !$*UTF8*$!
{
	archiveVersion = 1;
	classes = {
	};
	objectVersion = 46;
	objects = {

/* Begin PBXBuildFile section */
		C6D745431354D36C00AFF270 /* Cocoa.framework in Frameworks */ = {isa = PBXBuildFile; fileRef = C6D745421354D36C00AFF270 /* Cocoa.framework */; };
		C6D7454D1354D36C00AFF270 /* InfoPlist.strings in Resources */ = {isa = PBXBuildFile; fileRef = C6D7454B1354D36C00AFF270 /* InfoPlist.strings */; };
		C6D745501354D36C00AFF270 /* main.m in Sources */ = {isa = PBXBuildFile; fileRef = C6D7454F1354D36C00AFF270 /* main.m */; };
		C6D745531354D36C00AFF270 /* Credits.rtf in Resources */ = {isa = PBXBuildFile; fileRef = C6D745511354D36C00AFF270 /* Credits.rtf */; };
		C6D745561354D36C00AFF270 /* MacFXPAppDelegate.m in Sources */ = {isa = PBXBuildFile; fileRef = C6D745551354D36C00AFF270 /* MacFXPAppDelegate.m */; };
		C6D745611354D39500AFF270 /* AsyncSocket.m in Sources */ = {isa = PBXBuildFile; fileRef = C6D745601354D39500AFF270 /* AsyncSocket.m */; };
		C6D745641354D3AD00AFF270 /* FTPConnectionController.m in Sources */ = {isa = PBXBuildFile; fileRef = C6D745631354D3AD00AFF270 /* FTPConnectionController.m */; };
		C6D7456E1354D41200AFF270 /* MainMenu.xib in Resources */ = {isa = PBXBuildFile; fileRef = C6D7456D1354D41200AFF270 /* MainMenu.xib */; };
/* End PBXBuildFile section */

/* Begin PBXFileReference section */
		C6D7453E1354D36C00AFF270 /* MacFXP.app */ = {isa = PBXFileReference; explicitFileType = wrapper.application; includeInIndex = 0; path = MacFXP.app; sourceTree = BUILT_PRODUCTS_DIR; };
		C6D745421354D36C00AFF270 /* Cocoa.framework */ = {isa = PBXFileReference; lastKnownFileType = wrapper.framework; name = Cocoa.framework; path = System/Library/Frameworks/Cocoa.framework; sourceTree = SDKROOT; };
		C6D745451354D36C00AFF270 /* AppKit.framework */ = {isa = PBXFileReference; lastKnownFileType = wrapper.framework; name = AppKit.framework; path = System/Library/Frameworks/AppKit.framework; sourceTree = SDKROOT; };
		C6D745461354D36C00AFF270 /* CoreData.framework */ = {isa = PBXFileReference; lastKnownFileType = wrapper.framework; name = CoreData.framework; path = System/Library/Frameworks/CoreData.framework; sourceTree = SDKROOT; };
		C6D745471354D36C00AFF270 /* Foundation.framework */ = {isa = PBXFileReference; lastKnownFileType = wrapper.framework; name = Foundation.framework; path = System/Library/Frameworks/Foundation.framework; sourceTree = SDKROOT; };
		C6D7454A1354D36C00AFF270 /* MacFXP-Info.plist */ = {isa = PBXFileReference; lastKnownFileType = text.plist.xml; path = "MacFXP-Info.plist"; sourceTree = "<group>"; };
		C6D7454C1354D36C00AFF270 /* en */ = {isa = PBXFileReference; lastKnownFileType = text.plist.strings; name = en; path = en.lproj/InfoPlist.strings; sourceTree = "<group>"; };
		C6D7454E1354D36C00AFF270 /* MacFXP-Prefix.pch */ = {isa = PBXFileReference; lastKnownFileType = sourcecode.c.h; path = "MacFXP-Prefix.pch"; sourceTree = "<group>"; };
		C6D7454F1354D36C00AFF270 /* main.m */ = {isa = PBXFileReference; lastKnownFileType = sourcecode.c.objc; path = main.m; sourceTree = "<group>"; };
		C6D745521354D36C00AFF270 /* en */ = {isa = PBXFileReference; lastKnownFileType = text.rtf; name = en; path = en.lproj/Credits.rtf; sourceTree = "<group>"; };
		C6D745541354D36C00AFF270 /* MacFXPAppDelegate.h */ = {isa = PBXFileReference; lastKnownFileType = sourcecode.c.h; path = MacFXPAppDelegate.h; sourceTree = "<group>"; };
		C6D745551354D36C00AFF270 /* MacFXPAppDelegate.m */ = {isa = PBXFileReference; lastKnownFileType = sourcecode.c.objc; path = MacFXPAppDelegate.m; sourceTree = "<group>"; };
		C6D7455F1354D39500AFF270 /* AsyncSocket.h */ = {isa = PBXFileReference; fileEncoding = 4; lastKnownFileType = sourcecode.c.h; path = AsyncSocket.h; sourceTree = "<group>"; };
		C6D745601354D39500AFF270 /* AsyncSocket.m */ = {isa = PBXFileReference; fileEncoding = 4; lastKnownFileType = sourcecode.c.objc; path = AsyncSocket.m; sourceTree = "<group>"; };
		C6D745621354D3AD00AFF270 /* FTPConnectionController.h */ = {isa = PBXFileReference; fileEncoding = 4; lastKnownFileType = sourcecode.c.h; path = FTPConnectionController.h; sourceTree = "<group>"; };
		C6D745631354D3AD00AFF270 /* FTPConnectionController.m */ = {isa = PBXFileReference; fileEncoding = 4; lastKnownFileType = sourcecode.c.objc; path = FTPConnectionController.m; sourceTree = "<group>"; };
		C6D7456D1354D41200AFF270 /* MainMenu.xib */ = {isa = PBXFileReference; fileEncoding = 4; lastKnownFileType = file.xib; path = MainMenu.xib; sourceTree = "<group>"; };
/* End PBXFileReference section */

/* Begin PBXFrameworksBuildPhase section */
		C6D7453B1354D36C00AFF270 /* Frameworks */ = {
			isa = PBXFrameworksBuildPhase;
			buildActionMask = 2147483647;
			files = (
				C6D745431354D36C00AFF270 /* Cocoa.framework in Frameworks */,
			);
			runOnlyForDeploymentPostprocessing = 0;
		};
/* End PBXFrameworksBuildPhase section */

/* Begin PBXGroup section */
		C6D745331354D36C00AFF270 = {
			isa = PBXGroup;
			children = (
				C6D745481354D36C00AFF270 /* MacFXP */,
				C6D745411354D36C00AFF270 /* Frameworks */,
				C6D7453F1354D36C00AFF270 /* Products */,
			);
			sourceTree = "<group>";
		};
		C6D7453F1354D36C00AFF270 /* Products */ = {
			isa = PBXGroup;
			children = (
				C6D7453E1354D36C00AFF270 /* MacFXP.app */,
			);
			name = Products;
			sourceTree = "<group>";
		};
		C6D745411354D36C00AFF270 /* Frameworks */ = {
			isa = PBXGroup;
			children = (
				C6D745421354D36C00AFF270 /* Cocoa.framework */,
				C6D745441354D36C00AFF270 /* Other Frameworks */,
			);
			name = Frameworks;
			sourceTree = "<group>";
		};
		C6D745441354D36C00AFF270 /* Other Frameworks */ = {
			isa = PBXGroup;
			children = (
				C6D745451354D36C00AFF270 /* AppKit.framework */,
				C6D745461354D36C00AFF270 /* CoreData.framework */,
				C6D745471354D36C00AFF270 /* Foundation.framework */,
			);
			name = "Other Frameworks";
			sourceTree = "<group>";
		};
		C6D745481354D36C00AFF270 /* MacFXP */ = {
			isa = PBXGroup;
			children = (
				C6D745621354D3AD00AFF270 /* FTPConnectionController.h */,
				C6D745631354D3AD00AFF270 /* FTPConnectionController.m */,
				C6D7455F1354D39500AFF270 /* AsyncSocket.h */,
				C6D745601354D39500AFF270 /* AsyncSocket.m */,
				C6D745541354D36C00AFF270 /* MacFXPAppDelegate.h */,
				C6D745551354D36C00AFF270 /* MacFXPAppDelegate.m */,
				C6D7456D1354D41200AFF270 /* MainMenu.xib */,
				C6D745491354D36C00AFF270 /* Supporting Files */,
			);
			path = MacFXP;
			sourceTree = "<group>";
		};
		C6D745491354D36C00AFF270 /* Supporting Files */ = {
			isa = PBXGroup;
			children = (
				C6D7454A1354D36C00AFF270 /* MacFXP-Info.plist */,
				C6D7454B1354D36C00AFF270 /* InfoPlist.strings */,
				C6D7454E1354D36C00AFF270 /* MacFXP-Prefix.pch */,
				C6D7454F1354D36C00AFF270 /* main.m */,
				C6D745511354D36C00AFF270 /* Credits.rtf */,
			);
			name = "Supporting Files";
			sourceTree = "<group>";
		};
/* End PBXGroup section */

/* Begin PBXNativeTarget section */
		C6D7453D1354D36C00AFF270 /* MacFXP */ = {
			isa = PBXNativeTarget;
			buildConfigurationList = C6D7455C1354D36C00AFF270 /* Build configuration list for PBXNativeTarget "MacFXP" */;
			buildPhases = (
				C6D7453A1354D36C00AFF270 /* Sources */,
				C6D7453B1354D36C00AFF270 /* Frameworks */,
				C6D7453C1354D36C00AFF270 /* Resources */,
			);
			buildRules = (
			);
			dependencies = (
			);
			name = MacFXP;
			productName = MacFXP;
			productReference = C6D7453E1354D36C00AFF270 /* MacFXP.app */;
			productType = "com.apple.product-type.application";
		};
/* End PBXNativeTarget section */

/* Begin PBXProject section */
		C6D745351354D36C00AFF270 /* Project object */ = {
			isa = PBXProject;
			attributes = {
				ORGANIZATIONNAME = "Århus Universitet";
			};
			buildConfigurationList = C6D745381354D36C00AFF270 /* Build configuration list for PBXProject "MacFXP" */;
			compatibilityVersion = "Xcode 3.2";
			developmentRegion = English;
			hasScannedForEncodings = 0;
			knownRegions = (
				en,
			);
			mainGroup = C6D745331354D36C00AFF270;
			productRefGroup = C6D7453F1354D36C00AFF270 /* Products */;
			projectDirPath = "";
			projectRoot = "";
			targets = (
				C6D7453D1354D36C00AFF270 /* MacFXP */,
			);
		};
/* End PBXProject section */

/* Begin PBXResourcesBuildPhase section */
		C6D7453C1354D36C00AFF270 /* Resources */ = {
			isa = PBXResourcesBuildPhase;
			buildActionMask = 2147483647;
			files = (
				C6D7454D1354D36C00AFF270 /* InfoPlist.strings in Resources */,
				C6D745531354D36C00AFF270 /* Credits.rtf in Resources */,
				C6D7456E1354D41200AFF270 /* MainMenu.xib in Resources */,
			);
			runOnlyForDeploymentPostprocessing = 0;
		};
/* End PBXResourcesBuildPhase section */

/* Begin PBXSourcesBuildPhase section */
		C6D7453A1354D36C00AFF270 /* Sources */ = {
			isa = PBXSourcesBuildPhase;
			buildActionMask = 2147483647;
			files = (
				C6D745501354D36C00AFF270 /* main.m in Sources */,
				C6D745561354D36C00AFF270 /* MacFXPAppDelegate.m in Sources */,
				C6D745611354D39500AFF270 /* AsyncSocket.m in Sources */,
				C6D745641354D3AD00AFF270 /* FTPConnectionController.m in Sources */,
			);
			runOnlyForDeploymentPostprocessing = 0;
		};
/* End PBXSourcesBuildPhase section */

/* Begin PBXVariantGroup section */
		C6D7454B1354D36C00AFF270 /* InfoPlist.strings */ = {
			isa = PBXVariantGroup;
			children = (
				C6D7454C1354D36C00AFF270 /* en */,
			);
			name = InfoPlist.strings;
			sourceTree = "<group>";
		};
		C6D745511354D36C00AFF270 /* Credits.rtf */ = {
			isa = PBXVariantGroup;
			children = (
				C6D745521354D36C00AFF270 /* en */,
			);
			name = Credits.rtf;
			sourceTree = "<group>";
		};
/* End PBXVariantGroup section */

/* Begin XCBuildConfiguration section */
		C6D7455A1354D36C00AFF270 /* Debug */ = {
			isa = XCBuildConfiguration;
			buildSettings = {
				ARCHS = "$(ARCHS_STANDARD_32_64_BIT)";
				GCC_C_LANGUAGE_STANDARD = gnu99;
				GCC_OPTIMIZATION_LEVEL = 0;
				GCC_PREPROCESSOR_DEFINITIONS = DEBUG;
				GCC_SYMBOLS_PRIVATE_EXTERN = NO;
				GCC_VERSION = com.apple.compilers.llvm.clang.1_0;
				GCC_WARN_64_TO_32_BIT_CONVERSION = YES;
				GCC_WARN_ABOUT_RETURN_TYPE = YES;
				GCC_WARN_UNUSED_VARIABLE = YES;
				MACOSX_DEPLOYMENT_TARGET = 10.6;
				ONLY_ACTIVE_ARCH = YES;
				SDKROOT = macosx;
			};
			name = Debug;
		};
		C6D7455B1354D36C00AFF270 /* Release */ = {
			isa = XCBuildConfiguration;
			buildSettings = {
				ARCHS = "$(ARCHS_STANDARD_32_64_BIT)";
				GCC_C_LANGUAGE_STANDARD = gnu99;
				GCC_VERSION = com.apple.compilers.llvm.clang.1_0;
				GCC_WARN_64_TO_32_BIT_CONVERSION = YES;
				GCC_WARN_ABOUT_RETURN_TYPE = YES;
				GCC_WARN_UNUSED_VARIABLE = YES;
				MACOSX_DEPLOYMENT_TARGET = 10.6;
				SDKROOT = macosx;
			};
			name = Release;
		};
		C6D7455D1354D36C00AFF270 /* Debug */ = {
			isa = XCBuildConfiguration;
			buildSettings = {
				ALWAYS_SEARCH_USER_PATHS = NO;
				COPY_PHASE_STRIP = NO;
				GCC_DYNAMIC_NO_PIC = NO;
				GCC_ENABLE_OBJC_EXCEPTIONS = YES;
				GCC_PRECOMPILE_PREFIX_HEADER = YES;
				GCC_PREFIX_HEADER = "MacFXP/MacFXP-Prefix.pch";
				INFOPLIST_FILE = "MacFXP/MacFXP-Info.plist";
				PRODUCT_NAME = "$(TARGET_NAME)";
				WRAPPER_EXTENSION = app;
			};
			name = Debug;
		};
		C6D7455E1354D36C00AFF270 /* Release */ = {
			isa = XCBuildConfiguration;
			buildSettings = {
				ALWAYS_SEARCH_USER_PATHS = NO;
				COPY_PHASE_STRIP = YES;
				DEBUG_INFORMATION_FORMAT = "dwarf-with-dsym";
				GCC_ENABLE_OBJC_EXCEPTIONS = YES;
				GCC_PRECOMPILE_PREFIX_HEADER = YES;
				GCC_PREFIX_HEADER = "MacFXP/MacFXP-Prefix.pch";
				INFOPLIST_FILE = "MacFXP/MacFXP-Info.plist";
				PRODUCT_NAME = "$(TARGET_NAME)";
				WRAPPER_EXTENSION = app;
			};
			name = Release;
		};
/* End XCBuildConfiguration section */

/* Begin XCConfigurationList section */
		C6D745381354D36C00AFF270 /* Build configuration list for PBXProject "MacFXP" */ = {
			isa = XCConfigurationList;
			buildConfigurations = (
				C6D7455A1354D36C00AFF270 /* Debug */,
				C6D7455B1354D36C00AFF270 /* Release */,
			);
			defaultConfigurationIsVisible = 0;
			defaultConfigurationName = Release;
		};
		C6D7455C1354D36C00AFF270 /* Build configuration list for PBXNativeTarget "MacFXP" */ = {
			isa = XCConfigurationList;
			buildConfigurations = (
				C6D7455D1354D36C00AFF270 /* Debug */,
				C6D7455E1354D36C00AFF270 /* Release */,
			);
			defaultConfigurationIsVisible = 0;
		};
/* End XCConfigurationList section */
	};
	rootObject = C6D745351354D36C00AFF270 /* Project object */;
}
